schema: '2.0'
stages:
  train-champion:
    cmd: uv run python scripts/train_model.py
    deps:
    - path: scripts/train_model.py
      hash: md5
      md5: 82a02c803b13249875b7597740d88986
      size: 7988
    outs:
    - path: models/credit_risk/v1/metrics.json
      hash: md5
      md5: 54f3f8378c25226c9a25f74ca9b11d98
      size: 1036
    - path: models/credit_risk/v1/model.onnx
      hash: md5
      md5: 146d2ba013aa3e736f22ed90c370ba29
      size: 260919
  train-challenger:
    cmd: uv run python scripts/train_challenger.py
    deps:
    - path: scripts/train_challenger.py
      hash: md5
      md5: 44078d3cfe287b36e8513bf60d234bca
      size: 4725
    outs:
    - path: models/credit_risk/v2/metrics.json
      hash: md5
      md5: df6af14a1fcc313022b6894c21c94c1f
      size: 144
    - path: models/credit_risk/v2/model.onnx
      hash: md5
      md5: 779101c5a0078c1f71a45a76bd05746c
      size: 838
  seed-features:
    cmd: uv run python scripts/seed_features.py
    deps:
    - path: scripts/seed_features.py
      hash: md5
      md5: 936fd3f58cce7226c525d74a1aa21682
      size: 4373
    outs:
    - path: data/reference_data.json
      hash: md5
      md5: 7009f388d41a472f0ac33ec442abace4
      size: 396221
    - path: data/reference_features.json
      hash: md5
      md5: 2d9eee3f29ebbce6226429545d961b38
      size: 107120
